// !$*UTF8*$!
{
	archiveVersion = 1;
	classes = {
	};
	objectVersion = 55;
	objects = {

/* Begin PBXBuildFile section */
		0ACDC51528C7F96C00F21CE0 /* AppDelegate.swift in Sources */ = {isa = PBXBuildFile; fileRef = 0ACDC51428C7F96C00F21CE0 /* AppDelegate.swift */; };
		0ACDC51728C7F96C00F21CE0 /* SceneDelegate.swift in Sources */ = {isa = PBXBuildFile; fileRef = 0ACDC51628C7F96C00F21CE0 /* SceneDelegate.swift */; };
		0ACDC51928C7F96C00F21CE0 /* ViewController.swift in Sources */ = {isa = PBXBuildFile; fileRef = 0ACDC51828C7F96C00F21CE0 /* ViewController.swift */; };
		0ACDC51C28C7F96C00F21CE0 /* Main.storyboard in Resources */ = {isa = PBXBuildFile; fileRef = 0ACDC51A28C7F96C00F21CE0 /* Main.storyboard */; };
		0ACDC51E28C7F96E00F21CE0 /* Assets.xcassets in Resources */ = {isa = PBXBuildFile; fileRef = 0ACDC51D28C7F96E00F21CE0 /* Assets.xcassets */; };
		0ACDC52128C7F96E00F21CE0 /* LaunchScreen.storyboard in Resources */ = {isa = PBXBuildFile; fileRef = 0ACDC51F28C7F96E00F21CE0 /* LaunchScreen.storyboard */; };
		0ACDC52C28C7F96E00F21CE0 /* MoviesPageWithCollectionViewTests.swift in Sources */ = {isa = PBXBuildFile; fileRef = 0ACDC52B28C7F96E00F21CE0 /* MoviesPageWithCollectionViewTests.swift */; };
		0ACDC53628C7F96E00F21CE0 /* MoviesPageWithCollectionViewUITests.swift in Sources */ = {isa = PBXBuildFile; fileRef = 0ACDC53528C7F96E00F21CE0 /* MoviesPageWithCollectionViewUITests.swift */; };
		0ACDC53828C7F96E00F21CE0 /* MoviesPageWithCollectionViewUITestsLaunchTests.swift in Sources */ = {isa = PBXBuildFile; fileRef = 0ACDC53728C7F96E00F21CE0 /* MoviesPageWithCollectionViewUITestsLaunchTests.swift */; };
		0ACDC54528C7FFDD00F21CE0 /* CollectionViewCellMovies.swift in Sources */ = {isa = PBXBuildFile; fileRef = 0ACDC54428C7FFDD00F21CE0 /* CollectionViewCellMovies.swift */; };
		0ACDC54728C92EE500F21CE0 /* Movies.swift in Sources */ = {isa = PBXBuildFile; fileRef = 0ACDC54628C92EE500F21CE0 /* Movies.swift */; };
/* End PBXBuildFile section */

/* Begin PBXContainerItemProxy section */
		0ACDC52828C7F96E00F21CE0 /* PBXContainerItemProxy */ = {
			isa = PBXContainerItemProxy;
			containerPortal = 0ACDC50928C7F96C00F21CE0 /* Project object */;
			proxyType = 1;
			remoteGlobalIDString = 0ACDC51028C7F96C00F21CE0;
			remoteInfo = MoviesPageWithCollectionView;
		};
		0ACDC53228C7F96E00F21CE0 /* PBXContainerItemProxy */ = {
			isa = PBXContainerItemProxy;
			containerPortal = 0ACDC50928C7F96C00F21CE0 /* Project object */;
			proxyType = 1;
			remoteGlobalIDString = 0ACDC51028C7F96C00F21CE0;
			remoteInfo = MoviesPageWithCollectionView;
		};
/* End PBXContainerItemProxy section */

/* Begin PBXFileReference section */
		0ACDC51128C7F96C00F21CE0 /* MoviesPageWithCollectionView.app */ = {isa = PBXFileReference; explicitFileType = wrapper.application; includeInIndex = 0; path = MoviesPageWithCollectionView.app; sourceTree = BUILT_PRODUCTS_DIR; };
		0ACDC51428C7F96C00F21CE0 /* AppDelegate.swift */ = {isa = PBXFileReference; lastKnownFileType = sourcecode.swift; path = AppDelegate.swift; sourceTree = "<group>"; };
		0ACDC51628C7F96C00F21CE0 /* SceneDelegate.swift */ = {isa = PBXFileReference; lastKnownFileType = sourcecode.swift; path = SceneDelegate.swift; sourceTree = "<group>"; };
		0ACDC51828C7F96C00F21CE0 /* ViewController.swift */ = {isa = PBXFileReference; lastKnownFileType = sourcecode.swift; path = ViewController.swift; sourceTree = "<group>"; };
		0ACDC51B28C7F96C00F21CE0 /* Base */ = {isa = PBXFileReference; lastKnownFileType = file.storyboard; name = Base; path = Base.lproj/Main.storyboard; sourceTree = "<group>"; };
		0ACDC51D28C7F96E00F21CE0 /* Assets.xcassets */ = {isa = PBXFileReference; lastKnownFileType = folder.assetcatalog; path = Assets.xcassets; sourceTree = "<group>"; };
		0ACDC52028C7F96E00F21CE0 /* Base */ = {isa = PBXFileReference; lastKnownFileType = file.storyboard; name = Base; path = Base.lproj/LaunchScreen.storyboard; sourceTree = "<group>"; };
		0ACDC52228C7F96E00F21CE0 /* Info.plist */ = {isa = PBXFileReference; lastKnownFileType = text.plist.xml; path = Info.plist; sourceTree = "<group>"; };
		0ACDC52728C7F96E00F21CE0 /* MoviesPageWithCollectionViewTests.xctest */ = {isa = PBXFileReference; explicitFileType = wrapper.cfbundle; includeInIndex = 0; path = MoviesPageWithCollectionViewTests.xctest; sourceTree = BUILT_PRODUCTS_DIR; };
		0ACDC52B28C7F96E00F21CE0 /* MoviesPageWithCollectionViewTests.swift */ = {isa = PBXFileReference; lastKnownFileType = sourcecode.swift; path = MoviesPageWithCollectionViewTests.swift; sourceTree = "<group>"; };
		0ACDC53128C7F96E00F21CE0 /* MoviesPageWithCollectionViewUITests.xctest */ = {isa = PBXFileReference; explicitFileType = wrapper.cfbundle; includeInIndex = 0; path = MoviesPageWithCollectionViewUITests.xctest; sourceTree = BUILT_PRODUCTS_DIR; };
		0ACDC53528C7F96E00F21CE0 /* MoviesPageWithCollectionViewUITests.swift */ = {isa = PBXFileReference; lastKnownFileType = sourcecode.swift; path = MoviesPageWithCollectionViewUITests.swift; sourceTree = "<group>"; };
		0ACDC53728C7F96E00F21CE0 /* MoviesPageWithCollectionViewUITestsLaunchTests.swift */ = {isa = PBXFileReference; lastKnownFileType = sourcecode.swift; path = MoviesPageWithCollectionViewUITestsLaunchTests.swift; sourceTree = "<group>"; };
		0ACDC54428C7FFDD00F21CE0 /* CollectionViewCellMovies.swift */ = {isa = PBXFileReference; lastKnownFileType = sourcecode.swift; path = CollectionViewCellMovies.swift; sourceTree = "<group>"; };
		0ACDC54628C92EE500F21CE0 /* Movies.swift */ = {isa = PBXFileReference; lastKnownFileType = sourcecode.swift; path = Movies.swift; sourceTree = "<group>"; };
/* End PBXFileReference section */

/* Begin PBXFrameworksBuildPhase section */
		0ACDC50E28C7F96C00F21CE0 /* Frameworks */ = {
			isa = PBXFrameworksBuildPhase;
			buildActionMask = 2147483647;
			files = (
			);
			runOnlyForDeploymentPostprocessing = 0;
		};
		0ACDC52428C7F96E00F21CE0 /* Frameworks */ = {
			isa = PBXFrameworksBuildPhase;
			buildActionMask = 2147483647;
			files = (
			);
			runOnlyForDeploymentPostprocessing = 0;
		};
		0ACDC52E28C7F96E00F21CE0 /* Frameworks */ = {
			isa = PBXFrameworksBuildPhase;
			buildActionMask = 2147483647;
			files = (
			);
			runOnlyForDeploymentPostprocessing = 0;
		};
/* End PBXFrameworksBuildPhase section */

/* Begin PBXGroup section */
		0ACDC50828C7F96C00F21CE0 = {
			isa = PBXGroup;
			children = (
				0ACDC51328C7F96C00F21CE0 /* MoviesPageWithCollectionView */,
				0ACDC52A28C7F96E00F21CE0 /* MoviesPageWithCollectionViewTests */,
				0ACDC53428C7F96E00F21CE0 /* MoviesPageWithCollectionViewUITests */,
				0ACDC51228C7F96C00F21CE0 /* Products */,
			);
			sourceTree = "<group>";
		};
		0ACDC51228C7F96C00F21CE0 /* Products */ = {
			isa = PBXGroup;
			children = (
				0ACDC51128C7F96C00F21CE0 /* MoviesPageWithCollectionView.app */,
				0ACDC52728C7F96E00F21CE0 /* MoviesPageWithCollectionViewTests.xctest */,
				0ACDC53128C7F96E00F21CE0 /* MoviesPageWithCollectionViewUITests.xctest */,
			);
			name = Products;
			sourceTree = "<group>";
		};
		0ACDC51328C7F96C00F21CE0 /* MoviesPageWithCollectionView */ = {
			isa = PBXGroup;
			children = (
				0ACDC51428C7F96C00F21CE0 /* AppDelegate.swift */,
				0ACDC51628C7F96C00F21CE0 /* SceneDelegate.swift */,
				0ACDC51828C7F96C00F21CE0 /* ViewController.swift */,
				0ACDC51A28C7F96C00F21CE0 /* Main.storyboard */,
				0ACDC51D28C7F96E00F21CE0 /* Assets.xcassets */,
				0ACDC51F28C7F96E00F21CE0 /* LaunchScreen.storyboard */,
				0ACDC52228C7F96E00F21CE0 /* Info.plist */,
				0ACDC54428C7FFDD00F21CE0 /* CollectionViewCellMovies.swift */,
				0ACDC54628C92EE500F21CE0 /* Movies.swift */,
			);
			path = MoviesPageWithCollectionView;
			sourceTree = "<group>";
		};
		0ACDC52A28C7F96E00F21CE0 /* MoviesPageWithCollectionViewTests */ = {
			isa = PBXGroup;
			children = (
				0ACDC52B28C7F96E00F21CE0 /* MoviesPageWithCollectionViewTests.swift */,
			);
			path = MoviesPageWithCollectionViewTests;
			sourceTree = "<group>";
		};
		0ACDC53428C7F96E00F21CE0 /* MoviesPageWithCollectionViewUITests */ = {
			isa = PBXGroup;
			children = (
				0ACDC53528C7F96E00F21CE0 /* MoviesPageWithCollectionViewUITests.swift */,
				0ACDC53728C7F96E00F21CE0 /* MoviesPageWithCollectionViewUITestsLaunchTests.swift */,
			);
			path = MoviesPageWithCollectionViewUITests;
			sourceTree = "<group>";
		};
/* End PBXGroup section */

/* Begin PBXNativeTarget section */
		0ACDC51028C7F96C00F21CE0 /* MoviesPageWithCollectionView */ = {
			isa = PBXNativeTarget;
			buildConfigurationList = 0ACDC53B28C7F96E00F21CE0 /* Build configuration list for PBXNativeTarget "MoviesPageWithCollectionView" */;
			buildPhases = (
				0ACDC50D28C7F96C00F21CE0 /* Sources */,
				0ACDC50E28C7F96C00F21CE0 /* Frameworks */,
				0ACDC50F28C7F96C00F21CE0 /* Resources */,
			);
			buildRules = (
			);
			dependencies = (
			);
			name = MoviesPageWithCollectionView;
			productName = MoviesPageWithCollectionView;
			productReference = 0ACDC51128C7F96C00F21CE0 /* MoviesPageWithCollectionView.app */;
			productType = "com.apple.product-type.application";
		};
		0ACDC52628C7F96E00F21CE0 /* MoviesPageWithCollectionViewTests */ = {
			isa = PBXNativeTarget;
			buildConfigurationList = 0ACDC53E28C7F96E00F21CE0 /* Build configuration list for PBXNativeTarget "MoviesPageWithCollectionViewTests" */;
			buildPhases = (
				0ACDC52328C7F96E00F21CE0 /* Sources */,
				0ACDC52428C7F96E00F21CE0 /* Frameworks */,
				0ACDC52528C7F96E00F21CE0 /* Resources */,
			);
			buildRules = (
			);
			dependencies = (
				0ACDC52928C7F96E00F21CE0 /* PBXTargetDependency */,
			);
			name = MoviesPageWithCollectionViewTests;
			productName = MoviesPageWithCollectionViewTests;
			productReference = 0ACDC52728C7F96E00F21CE0 /* MoviesPageWithCollectionViewTests.xctest */;
			productType = "com.apple.product-type.bundle.unit-test";
		};
		0ACDC53028C7F96E00F21CE0 /* MoviesPageWithCollectionViewUITests */ = {
			isa = PBXNativeTarget;
			buildConfigurationList = 0ACDC54128C7F96E00F21CE0 /* Build configuration list for PBXNativeTarget "MoviesPageWithCollectionViewUITests" */;
			buildPhases = (
				0ACDC52D28C7F96E00F21CE0 /* Sources */,
				0ACDC52E28C7F96E00F21CE0 /* Frameworks */,
				0ACDC52F28C7F96E00F21CE0 /* Resources */,
			);
			buildRules = (
			);
			dependencies = (
				0ACDC53328C7F96E00F21CE0 /* PBXTargetDependency */,
			);
			name = MoviesPageWithCollectionViewUITests;
			productName = MoviesPageWithCollectionViewUITests;
			productReference = 0ACDC53128C7F96E00F21CE0 /* MoviesPageWithCollectionViewUITests.xctest */;
			productType = "com.apple.product-type.bundle.ui-testing";
		};
/* End PBXNativeTarget section */

/* Begin PBXProject section */
		0ACDC50928C7F96C00F21CE0 /* Project object */ = {
			isa = PBXProject;
			attributes = {
				BuildIndependentTargetsInParallel = 1;
				LastSwiftUpdateCheck = 1340;
				LastUpgradeCheck = 1340;
				TargetAttributes = {
					0ACDC51028C7F96C00F21CE0 = {
						CreatedOnToolsVersion = 13.4.1;
					};
					0ACDC52628C7F96E00F21CE0 = {
						CreatedOnToolsVersion = 13.4.1;
						TestTargetID = 0ACDC51028C7F96C00F21CE0;
					};
					0ACDC53028C7F96E00F21CE0 = {
						CreatedOnToolsVersion = 13.4.1;
						TestTargetID = 0ACDC51028C7F96C00F21CE0;
					};
				};
			};
			buildConfigurationList = 0ACDC50C28C7F96C00F21CE0 /* Build configuration list for PBXProject "MoviesPageWithCollectionView" */;
			compatibilityVersion = "Xcode 13.0";
			developmentRegion = en;
			hasScannedForEncodings = 0;
			knownRegions = (
				en,
				Base,
			);
			mainGroup = 0ACDC50828C7F96C00F21CE0;
			productRefGroup = 0ACDC51228C7F96C00F21CE0 /* Products */;
			projectDirPath = "";
			projectRoot = "";
			targets = (
				0ACDC51028C7F96C00F21CE0 /* MoviesPageWithCollectionView */,
				0ACDC52628C7F96E00F21CE0 /* MoviesPageWithCollectionViewTests */,
				0ACDC53028C7F96E00F21CE0 /* MoviesPageWithCollectionViewUITests */,
			);
		};
/* End PBXProject section */

/* Begin PBXResourcesBuildPhase section */
		0ACDC50F28C7F96C00F21CE0 /* Resources */ = {
			isa = PBXResourcesBuildPhase;
			buildActionMask = 2147483647;
			files = (
				0ACDC52128C7F96E00F21CE0 /* LaunchScreen.storyboard in Resources */,
				0ACDC51E28C7F96E00F21CE0 /* Assets.xcassets in Resources */,
				0ACDC51C28C7F96C00F21CE0 /* Main.storyboard in Resources */,
			);
			runOnlyForDeploymentPostprocessing = 0;
		};
		0ACDC52528C7F96E00F21CE0 /* Resources */ = {
			isa = PBXResourcesBuildPhase;
			buildActionMask = 2147483647;
			files = (
			);
			runOnlyForDeploymentPostprocessing = 0;
		};
		0ACDC52F28C7F96E00F21CE0 /* Resources */ = {
			isa = PBXResourcesBuildPhase;
			buildActionMask = 2147483647;
			files = (
			);
			runOnlyForDeploymentPostprocessing = 0;
		};
/* End PBXResourcesBuildPhase section */

/* Begin PBXSourcesBuildPhase section */
		0ACDC50D28C7F96C00F21CE0 /* Sources */ = {
			isa = PBXSourcesBuildPhase;
			buildActionMask = 2147483647;
			files = (
				0ACDC54728C92EE500F21CE0 /* Movies.swift in Sources */,
				0ACDC51928C7F96C00F21CE0 /* ViewController.swift in Sources */,
				0ACDC51528C7F96C00F21CE0 /* AppDelegate.swift in Sources */,
				0ACDC51728C7F96C00F21CE0 /* SceneDelegate.swift in Sources */,
				0ACDC54528C7FFDD00F21CE0 /* CollectionViewCellMovies.swift in Sources */,
			);
			runOnlyForDeploymentPostprocessing = 0;
		};
		0ACDC52328C7F96E00F21CE0 /* Sources */ = {
			isa = PBXSourcesBuildPhase;
			buildActionMask = 2147483647;
			files = (
				0ACDC52C28C7F96E00F21CE0 /* MoviesPageWithCollectionViewTests.swift in Sources */,
			);
			runOnlyForDeploymentPostprocessing = 0;
		};
		0ACDC52D28C7F96E00F21CE0 /* Sources */ = {
			isa = PBXSourcesBuildPhase;
			buildActionMask = 2147483647;
			files = (
				0ACDC53628C7F96E00F21CE0 /* MoviesPageWithCollectionViewUITests.swift in Sources */,
				0ACDC53828C7F96E00F21CE0 /* MoviesPageWithCollectionViewUITestsLaunchTests.swift in Sources */,
			);
			runOnlyForDeploymentPostprocessing = 0;
		};
/* End PBXSourcesBuildPhase section */

/* Begin PBXTargetDependency section */
		0ACDC52928C7F96E00F21CE0 /* PBXTargetDependency */ = {
			isa = PBXTargetDependency;
			target = 0ACDC51028C7F96C00F21CE0 /* MoviesPageWithCollectionView */;
			targetProxy = 0ACDC52828C7F96E00F21CE0 /* PBXContainerItemProxy */;
		};
		0ACDC53328C7F96E00F21CE0 /* PBXTargetDependency */ = {
			isa = PBXTargetDependency;
			target = 0ACDC51028C7F96C00F21CE0 /* MoviesPageWithCollectionView */;
			targetProxy = 0ACDC53228C7F96E00F21CE0 /* PBXContainerItemProxy */;
		};
/* End PBXTargetDependency section */

/* Begin PBXVariantGroup section */
		0ACDC51A28C7F96C00F21CE0 /* Main.storyboard */ = {
			isa = PBXVariantGroup;
			children = (
				0ACDC51B28C7F96C00F21CE0 /* Base */,
			);
			name = Main.storyboard;
			sourceTree = "<group>";
		};
		0ACDC51F28C7F96E00F21CE0 /* LaunchScreen.storyboard */ = {
			isa = PBXVariantGroup;
			children = (
				0ACDC52028C7F96E00F21CE0 /* Base */,
			);
			name = LaunchScreen.storyboard;
			sourceTree = "<group>";
		};
/* End PBXVariantGroup section */

/* Begin XCBuildConfiguration section */
		0ACDC53928C7F96E00F21CE0 /* Debug */ = {
			isa = XCBuildConfiguration;
			buildSettings = {
				ALWAYS_SEARCH_USER_PATHS = NO;
				CLANG_ANALYZER_NONNULL = YES;
				CLANG_ANALYZER_NUMBER_OBJECT_CONVERSION = YES_AGGRESSIVE;
				CLANG_CXX_LANGUAGE_STANDARD = "gnu++17";
				CLANG_ENABLE_MODULES = YES;
				CLANG_ENABLE_OBJC_ARC = YES;
				CLANG_ENABLE_OBJC_WEAK = YES;
				CLANG_WARN_BLOCK_CAPTURE_AUTORELEASING = YES;
				CLANG_WARN_BOOL_CONVERSION = YES;
				CLANG_WARN_COMMA = YES;
				CLANG_WARN_CONSTANT_CONVERSION = YES;
				CLANG_WARN_DEPRECATED_OBJC_IMPLEMENTATIONS = YES;
				CLANG_WARN_DIRECT_OBJC_ISA_USAGE = YES_ERROR;
				CLANG_WARN_DOCUMENTATION_COMMENTS = YES;
				CLANG_WARN_EMPTY_BODY = YES;
				CLANG_WARN_ENUM_CONVERSION = YES;
				CLANG_WARN_INFINITE_RECURSION = YES;
				CLANG_WARN_INT_CONVERSION = YES;
				CLANG_WARN_NON_LITERAL_NULL_CONVERSION = YES;
				CLANG_WARN_OBJC_IMPLICIT_RETAIN_SELF = YES;
				CLANG_WARN_OBJC_LITERAL_CONVERSION = YES;
				CLANG_WARN_OBJC_ROOT_CLASS = YES_ERROR;
				CLANG_WARN_QUOTED_INCLUDE_IN_FRAMEWORK_HEADER = YES;
				CLANG_WARN_RANGE_LOOP_ANALYSIS = YES;
				CLANG_WARN_STRICT_PROTOTYPES = YES;
				CLANG_WARN_SUSPICIOUS_MOVE = YES;
				CLANG_WARN_UNGUARDED_AVAILABILITY = YES_AGGRESSIVE;
				CLANG_WARN_UNREACHABLE_CODE = YES;
				CLANG_WARN__DUPLICATE_METHOD_MATCH = YES;
				COPY_PHASE_STRIP = NO;
				DEBUG_INFORMATION_FORMAT = dwarf;
				ENABLE_STRICT_OBJC_MSGSEND = YES;
				ENABLE_TESTABILITY = YES;
				GCC_C_LANGUAGE_STANDARD = gnu11;
				GCC_DYNAMIC_NO_PIC = NO;
				GCC_NO_COMMON_BLOCKS = YES;
				GCC_OPTIMIZATION_LEVEL = 0;
				GCC_PREPROCESSOR_DEFINITIONS = (
					"DEBUG=1",
					"$(inherited)",
				);
				GCC_WARN_64_TO_32_BIT_CONVERSION = YES;
				GCC_WARN_ABOUT_RETURN_TYPE = YES_ERROR;
				GCC_WARN_UNDECLARED_SELECTOR = YES;
				GCC_WARN_UNINITIALIZED_AUTOS = YES_AGGRESSIVE;
				GCC_WARN_UNUSED_FUNCTION = YES;
				GCC_WARN_UNUSED_VARIABLE = YES;
				IPHONEOS_DEPLOYMENT_TARGET = 15.5;
				MTL_ENABLE_DEBUG_INFO = INCLUDE_SOURCE;
				MTL_FAST_MATH = YES;
				ONLY_ACTIVE_ARCH = YES;
				SDKROOT = iphoneos;
				SWIFT_ACTIVE_COMPILATION_CONDITIONS = DEBUG;
				SWIFT_OPTIMIZATION_LEVEL = "-Onone";
			};
			name = Debug;
		};
		0ACDC53A28C7F96E00F21CE0 /* Release */ = {
			isa = XCBuildConfiguration;
			buildSettings = {
				ALWAYS_SEARCH_USER_PATHS = NO;
				CLANG_ANALYZER_NONNULL = YES;
				CLANG_ANALYZER_NUMBER_OBJECT_CONVERSION = YES_AGGRESSIVE;
				CLANG_CXX_LANGUAGE_STANDARD = "gnu++17";
				CLANG_ENABLE_MODULES = YES;
				CLANG_ENABLE_OBJC_ARC = YES;
				CLANG_ENABLE_OBJC_WEAK = YES;
				CLANG_WARN_BLOCK_CAPTURE_AUTORELEASING = YES;
				CLANG_WARN_BOOL_CONVERSION = YES;
				CLANG_WARN_COMMA = YES;
				CLANG_WARN_CONSTANT_CONVERSION = YES;
				CLANG_WARN_DEPRECATED_OBJC_IMPLEMENTATIONS = YES;
				CLANG_WARN_DIRECT_OBJC_ISA_USAGE = YES_ERROR;
				CLANG_WARN_DOCUMENTATION_COMMENTS = YES;
				CLANG_WARN_EMPTY_BODY = YES;
				CLANG_WARN_ENUM_CONVERSION = YES;
				CLANG_WARN_INFINITE_RECURSION = YES;
				CLANG_WARN_INT_CONVERSION = YES;
				CLANG_WARN_NON_LITERAL_NULL_CONVERSION = YES;
				CLANG_WARN_OBJC_IMPLICIT_RETAIN_SELF = YES;
				CLANG_WARN_OBJC_LITERAL_CONVERSION = YES;
				CLANG_WARN_OBJC_ROOT_CLASS = YES_ERROR;
				CLANG_WARN_QUOTED_INCLUDE_IN_FRAMEWORK_HEADER = YES;
				CLANG_WARN_RANGE_LOOP_ANALYSIS = YES;
				CLANG_WARN_STRICT_PROTOTYPES = YES;
				CLANG_WARN_SUSPICIOUS_MOVE = YES;
				CLANG_WARN_UNGUARDED_AVAILABILITY = YES_AGGRESSIVE;
				CLANG_WARN_UNREACHABLE_CODE = YES;
				CLANG_WARN__DUPLICATE_METHOD_MATCH = YES;
				COPY_PHASE_STRIP = NO;
				DEBUG_INFORMATION_FORMAT = "dwarf-with-dsym";
				ENABLE_NS_ASSERTIONS = NO;
				ENABLE_STRICT_OBJC_MSGSEND = YES;
				GCC_C_LANGUAGE_STANDARD = gnu11;
				GCC_NO_COMMON_BLOCKS = YES;
				GCC_WARN_64_TO_32_BIT_CONVERSION = YES;
				GCC_WARN_ABOUT_RETURN_TYPE = YES_ERROR;
				GCC_WARN_UNDECLARED_SELECTOR = YES;
				GCC_WARN_UNINITIALIZED_AUTOS = YES_AGGRESSIVE;
				GCC_WARN_UNUSED_FUNCTION = YES;
				GCC_WARN_UNUSED_VARIABLE = YES;
				IPHONEOS_DEPLOYMENT_TARGET = 15.5;
				MTL_ENABLE_DEBUG_INFO = NO;
				MTL_FAST_MATH = YES;
				SDKROOT = iphoneos;
				SWIFT_COMPILATION_MODE = wholemodule;
				SWIFT_OPTIMIZATION_LEVEL = "-O";
				VALIDATE_PRODUCT = YES;
			};
			name = Release;
		};
		0ACDC53C28C7F96E00F21CE0 /* Debug */ = {
			isa = XCBuildConfiguration;
			buildSettings = {
				ASSETCATALOG_COMPILER_APPICON_NAME = AppIcon;
				ASSETCATALOG_COMPILER_GLOBAL_ACCENT_COLOR_NAME = AccentColor;
				CODE_SIGN_STYLE = Automatic;
				CURRENT_PROJECT_VERSION = 1;
				GENERATE_INFOPLIST_FILE = YES;
				INFOPLIST_FILE = MoviesPageWithCollectionView/Info.plist;
				INFOPLIST_KEY_UIApplicationSupportsIndirectInputEvents = YES;
				INFOPLIST_KEY_UILaunchStoryboardName = LaunchScreen;
				INFOPLIST_KEY_UIMainStoryboardFile = Main;
				INFOPLIST_KEY_UISupportedInterfaceOrientations_iPad = "UIInterfaceOrientationPortrait UIInterfaceOrientationPortraitUpsideDown UIInterfaceOrientationLandscapeLeft UIInterfaceOrientationLandscapeRight";
				INFOPLIST_KEY_UISupportedInterfaceOrientations_iPhone = "UIInterfaceOrientationPortrait UIInterfaceOrientationLandscapeLeft UIInterfaceOrientationLandscapeRight";
				LD_RUNPATH_SEARCH_PATHS = (
					"$(inherited)",
					"@executable_path/Frameworks",
				);
				MARKETING_VERSION = 1.0;
				PRODUCT_BUNDLE_IDENTIFIER = info.MoviesPageWithCollectionView;
				PRODUCT_NAME = "$(TARGET_NAME)";
				SWIFT_EMIT_LOC_STRINGS = YES;
				SWIFT_VERSION = 5.0;
				TARGETED_DEVICE_FAMILY = "1,2";
			};
			name = Debug;
		};
		0ACDC53D28C7F96E00F21CE0 /* Release */ = {
			isa = XCBuildConfiguration;
			buildSettings = {
				ASSETCATALOG_COMPILER_APPICON_NAME = AppIcon;
				ASSETCATALOG_COMPILER_GLOBAL_ACCENT_COLOR_NAME = AccentColor;
				CODE_SIGN_STYLE = Automatic;
				CURRENT_PROJECT_VERSION = 1;
				GENERATE_INFOPLIST_FILE = YES;
				INFOPLIST_FILE = MoviesPageWithCollectionView/Info.plist;
				INFOPLIST_KEY_UIApplicationSupportsIndirectInputEvents = YES;
				INFOPLIST_KEY_UILaunchStoryboardName = LaunchScreen;
				INFOPLIST_KEY_UIMainStoryboardFile = Main;
				INFOPLIST_KEY_UISupportedInterfaceOrientations_iPad = "UIInterfaceOrientationPortrait UIInterfaceOrientationPortraitUpsideDown UIInterfaceOrientationLandscapeLeft UIInterfaceOrientationLandscapeRight";
				INFOPLIST_KEY_UISupportedInterfaceOrientations_iPhone = "UIInterfaceOrientationPortrait UIInterfaceOrientationLandscapeLeft UIInterfaceOrientationLandscapeRight";
				LD_RUNPATH_SEARCH_PATHS = (
					"$(inherited)",
					"@executable_path/Frameworks",
				);
				MARKETING_VERSION = 1.0;
				PRODUCT_BUNDLE_IDENTIFIER = info.MoviesPageWithCollectionView;
				PRODUCT_NAME = "$(TARGET_NAME)";
				SWIFT_EMIT_LOC_STRINGS = YES;
				SWIFT_VERSION = 5.0;
				TARGETED_DEVICE_FAMILY = "1,2";
			};
			name = Release;
		};
		0ACDC53F28C7F96E00F21CE0 /* Debug */ = {
			isa = XCBuildConfiguration;
			buildSettings = {
				ALWAYS_EMBED_SWIFT_STANDARD_LIBRARIES = YES;
				BUNDLE_LOADER = "$(TEST_HOST)";
				CODE_SIGN_STYLE = Automatic;
				CURRENT_PROJECT_VERSION = 1;
				GENERATE_INFOPLIST_FILE = YES;
				IPHONEOS_DEPLOYMENT_TARGET = 15.5;
				MARKETING_VERSION = 1.0;
				PRODUCT_BUNDLE_IDENTIFIER = info.MoviesPageWithCollectionViewTests;
				PRODUCT_NAME = "$(TARGET_NAME)";
				SWIFT_EMIT_LOC_STRINGS = NO;
				SWIFT_VERSION = 5.0;
				TARGETED_DEVICE_FAMILY = "1,2";
				TEST_HOST = "$(BUILT_PRODUCTS_DIR)/MoviesPageWithCollectionView.app/MoviesPageWithCollectionView";
			};
			name = Debug;
		};
		0ACDC54028C7F96E00F21CE0 /* Release */ = {
			isa = XCBuildConfiguration;
			buildSettings = {
				ALWAYS_EMBED_SWIFT_STANDARD_LIBRARIES = YES;
				BUNDLE_LOADER = "$(TEST_HOST)";
				CODE_SIGN_STYLE = Automatic;
				CURRENT_PROJECT_VERSION = 1;
				GENERATE_INFOPLIST_FILE = YES;
				IPHONEOS_DEPLOYMENT_TARGET = 15.5;
				MARKETING_VERSION = 1.0;
				PRODUCT_BUNDLE_IDENTIFIER = info.MoviesPageWithCollectionViewTests;
				PRODUCT_NAME = "$(TARGET_NAME)";
				SWIFT_EMIT_LOC_STRINGS = NO;
				SWIFT_VERSION = 5.0;
				TARGETED_DEVICE_FAMILY = "1,2";
				TEST_HOST = "$(BUILT_PRODUCTS_DIR)/MoviesPageWithCollectionView.app/MoviesPageWithCollectionView";
			};
			name = Release;
		};
		0ACDC54228C7F96E00F21CE0 /* Debug */ = {
			isa = XCBuildConfiguration;
			buildSettings = {
				ALWAYS_EMBED_SWIFT_STANDARD_LIBRARIES = YES;
				CODE_SIGN_STYLE = Automatic;
				CURRENT_PROJECT_VERSION = 1;
				GENERATE_INFOPLIST_FILE = YES;
				MARKETING_VERSION = 1.0;
				PRODUCT_BUNDLE_IDENTIFIER = info.MoviesPageWithCollectionViewUITests;
				PRODUCT_NAME = "$(TARGET_NAME)";
				SWIFT_EMIT_LOC_STRINGS = NO;
				SWIFT_VERSION = 5.0;
				TARGETED_DEVICE_FAMILY = "1,2";
				TEST_TARGET_NAME = MoviesPageWithCollectionView;
			};
			name = Debug;
		};
		0ACDC54328C7F96E00F21CE0 /* Release */ = {
			isa = XCBuildConfiguration;
			buildSettings = {
				ALWAYS_EMBED_SWIFT_STANDARD_LIBRARIES = YES;
				CODE_SIGN_STYLE = Automatic;
				CURRENT_PROJECT_VERSION = 1;
				GENERATE_INFOPLIST_FILE = YES;
				MARKETING_VERSION = 1.0;
				PRODUCT_BUNDLE_IDENTIFIER = info.MoviesPageWithCollectionViewUITests;
				PRODUCT_NAME = "$(TARGET_NAME)";
				SWIFT_EMIT_LOC_STRINGS = NO;
				SWIFT_VERSION = 5.0;
				TARGETED_DEVICE_FAMILY = "1,2";
				TEST_TARGET_NAME = MoviesPageWithCollectionView;
			};
			name = Release;
		};
/* End XCBuildConfiguration section */

/* Begin XCConfigurationList section */
		0ACDC50C28C7F96C00F21CE0 /* Build configuration list for PBXProject "MoviesPageWithCollectionView" */ = {
			isa = XCConfigurationList;
			buildConfigurations = (
				0ACDC53928C7F96E00F21CE0 /* Debug */,
				0ACDC53A28C7F96E00F21CE0 /* Release */,
			);
			defaultConfigurationIsVisible = 0;
			defaultConfigurationName = Release;
		};
		0ACDC53B28C7F96E00F21CE0 /* Build configuration list for PBXNativeTarget "MoviesPageWithCollectionView" */ = {
			isa = XCConfigurationList;
			buildConfigurations = (
				0ACDC53C28C7F96E00F21CE0 /* Debug */,
				0ACDC53D28C7F96E00F21CE0 /* Release */,
			);
			defaultConfigurationIsVisible = 0;
			defaultConfigurationName = Release;
		};
		0ACDC53E28C7F96E00F21CE0 /* Build configuration list for PBXNativeTarget "MoviesPageWithCollectionViewTests" */ = {
			isa = XCConfigurationList;
			buildConfigurations = (
				0ACDC53F28C7F96E00F21CE0 /* Debug */,
				0ACDC54028C7F96E00F21CE0 /* Release */,
			);
			defaultConfigurationIsVisible = 0;
			defaultConfigurationName = Release;
		};
		0ACDC54128C7F96E00F21CE0 /* Build configuration list for PBXNativeTarget "MoviesPageWithCollectionViewUITests" */ = {
			isa = XCConfigurationList;
			buildConfigurations = (
				0ACDC54228C7F96E00F21CE0 /* Debug */,
				0ACDC54328C7F96E00F21CE0 /* Release */,
			);
			defaultConfigurationIsVisible = 0;
			defaultConfigurationName = Release;
		};
/* End XCConfigurationList section */
	};
	rootObject = 0ACDC50928C7F96C00F21CE0 /* Project object */;
}
